{
  "name": "menhera",
  "version": "0.6.7-rc2",
  "lockfileVersion": 1,
  "requires": true,
  "dependencies": {
    "lodash.get": {
      "version": "4.4.2",
      "resolved": "https://registry.npmjs.org/lodash.get/-/lodash.get-4.4.2.tgz",
      "integrity": "sha1-LRd/ZS+jHpObRDjVNBSZ36OCXpk="
    },
    "lodash.has": {
      "version": "4.5.2",
      "resolved": "https://registry.npmjs.org/lodash.has/-/lodash.has-4.5.2.tgz",
      "integrity": "sha1-0Z9NwQlQWMzL4rDN9O4P5Ko3yGI="
    },
    "lodash.set": {
      "version": "4.3.2",
      "resolved": "https://registry.npmjs.org/lodash.set/-/lodash.set-4.3.2.tgz",
      "integrity": "sha1-2HV7HagH3eJIFrDWqEvqGnYjCyM="
    },
    "menhera": {
      "version": "0.6.5",
      "resolved": "https://registry.npmjs.org/menhera/-/menhera-0.6.5.tgz",
      "integrity": "sha1-5up5MNLDg4JXfSnxZyXXmCPr3Ok=",
      "dev": true,
      "requires": {
        "lodash.get": "4.4.2",
        "lodash.set": "4.3.2"
      }
    }
  }
}
